{
  "originHash" : "f91273a35101a75f583dc67c5c04b42ea2299467eecda25d9e24c86d1cc6e5ca",
  "pins" : [
    {
      "identity" : "cordis-swift",
      "kind" : "remoteSourceControl",
      "location" : "https://github.com/abhishakenp/cordis-swift",
      "state" : {
        "revision" : "0672e45e0a040887676e3a112c96a1cf84d293b9",
        "version" : "0.2.0"
      }
    },
    {
      "identity" : "sparkle",
      "kind" : "remoteSourceControl",
      "location" : "https://github.com/sparkle-project/Sparkle",
      "state" : {
        "revision" : "eef1a539a373c1f1a320624b1130fc5de7b2e100",
        "version" : "2.10.0"
      }
    }
  ],
  "version" : 3
}
