{
  "originHash" : "8d90bf66fa62a869bb0899bed3893c3b6d45960370d35f71d8d431732dc963cf",
  "pins" : [
    {
      "identity" : "cordis-swift",
      "kind" : "remoteSourceControl",
      "location" : "https://github.com/abhishakenp/cordis-swift",
      "state" : {
        "revision" : "46e5b97bd8b2852ee70e98fd34b325c6657abc65",
        "version" : "0.1.2"
      }
    },
    {
      "identity" : "sparkle",
      "kind" : "remoteSourceControl",
      "location" : "https://github.com/sparkle-project/Sparkle",
      "state" : {
        "revision" : "eef1a539a373c1f1a320624b1130fc5de7b2e100",
        "version" : "2.10.0"
      }
    }
  ],
  "version" : 3
}
